{
  "name": "markdown-toolbox",
  "version": "1.0.0",
  "lockfileVersion": 1,
  "requires": true,
  "dependencies": {
    "editor.md": {
      "version": "1.5.0",
      "resolved": "https://registry.npmjs.org/editor.md/-/editor.md-1.5.0.tgz",
      "integrity": "sha512-oQBKZdXTkGogGNXV5jomogXZ2v8FNPBDbTC0NOVkicypPGr+NLKeEBfAe/gujCivkDG4Tn5yAGHCr0tsp9o44Q=="
    }
  }
}
